// !$*UTF8*$!
{
	archiveVersion = 1;
	classes = {
	};
	objectVersion = 46;
	objects = {

/* Begin PBXBuildFile section */
		8CDD502C1DE306220065992E /* main.m in Sources */ = {isa = PBXBuildFile; fileRef = 8CDD502B1DE306220065992E /* main.m */; };
		8CDD502F1DE306220065992E /* AppDelegate.m in Sources */ = {isa = PBXBuildFile; fileRef = 8CDD502E1DE306220065992E /* AppDelegate.m */; };
		8CDD50321DE306220065992E /* ViewController.m in Sources */ = {isa = PBXBuildFile; fileRef = 8CDD50311DE306220065992E /* ViewController.m */; };
		8CDD50351DE306220065992E /* Main.storyboard in Resources */ = {isa = PBXBuildFile; fileRef = 8CDD50331DE306220065992E /* Main.storyboard */; };
		8CDD50371DE306220065992E /* Assets.xcassets in Resources */ = {isa = PBXBuildFile; fileRef = 8CDD50361DE306220065992E /* Assets.xcassets */; };
		8CDD503A1DE306220065992E /* LaunchScreen.storyboard in Resources */ = {isa = PBXBuildFile; fileRef = 8CDD50381DE306220065992E /* LaunchScreen.storyboard */; };
		8CDD50491DE3081B0065992E /* LLInterestTabBarController.m in Sources */ = {isa = PBXBuildFile; fileRef = 8CDD50481DE3081B0065992E /* LLInterestTabBarController.m */; };
		8CDD504C1DE309230065992E /* LLPayViewController.m in Sources */ = {isa = PBXBuildFile; fileRef = 8CDD504B1DE309230065992E /* LLPayViewController.m */; };
		8CDD504F1DE309370065992E /* LLShopViewController.m in Sources */ = {isa = PBXBuildFile; fileRef = 8CDD504E1DE309370065992E /* LLShopViewController.m */; };
		8CDD50521DE309410065992E /* LLMapViewController.m in Sources */ = {isa = PBXBuildFile; fileRef = 8CDD50511DE309410065992E /* LLMapViewController.m */; };
		8CDD50551DE309560065992E /* LLMineViewController.m in Sources */ = {isa = PBXBuildFile; fileRef = 8CDD50541DE309560065992E /* LLMineViewController.m */; };
		8CDD505A1DE3117F0065992E /* MessageSource.json in Resources */ = {isa = PBXBuildFile; fileRef = 8CDD50591DE3117F0065992E /* MessageSource.json */; };
		8CDD527B1DE313620065992E /* MASCompositeConstraint.m in Sources */ = {isa = PBXBuildFile; fileRef = 8CDD52631DE313620065992E /* MASCompositeConstraint.m */; };
		8CDD527C1DE313620065992E /* MASConstraint.m in Sources */ = {isa = PBXBuildFile; fileRef = 8CDD52661DE313620065992E /* MASConstraint.m */; };
		8CDD527D1DE313620065992E /* MASConstraintMaker.m in Sources */ = {isa = PBXBuildFile; fileRef = 8CDD52681DE313620065992E /* MASConstraintMaker.m */; };
		8CDD527E1DE313620065992E /* MASLayoutConstraint.m in Sources */ = {isa = PBXBuildFile; fileRef = 8CDD526A1DE313620065992E /* MASLayoutConstraint.m */; };
		8CDD527F1DE313620065992E /* MASViewAttribute.m in Sources */ = {isa = PBXBuildFile; fileRef = 8CDD526E1DE313620065992E /* MASViewAttribute.m */; };
		8CDD52801DE313620065992E /* MASViewConstraint.m in Sources */ = {isa = PBXBuildFile; fileRef = 8CDD52701DE313620065992E /* MASViewConstraint.m */; };
		8CDD52811DE313620065992E /* NSArray+MASAdditions.m in Sources */ = {isa = PBXBuildFile; fileRef = 8CDD52721DE313620065992E /* NSArray+MASAdditions.m */; };
		8CDD52821DE313620065992E /* NSLayoutConstraint+MASDebugAdditions.m in Sources */ = {isa = PBXBuildFile; fileRef = 8CDD52751DE313620065992E /* NSLayoutConstraint+MASDebugAdditions.m */; };
		8CDD52831DE313620065992E /* View+MASAdditions.m in Sources */ = {isa = PBXBuildFile; fileRef = 8CDD52771DE313620065992E /* View+MASAdditions.m */; };
		8CDD52841DE313620065992E /* ViewController+MASAdditions.m in Sources */ = {isa = PBXBuildFile; fileRef = 8CDD527A1DE313620065992E /* ViewController+MASAdditions.m */; };
/* End PBXBuildFile section */

/* Begin PBXFileReference section */
		8CDD50271DE306220065992E /* LLInterestDemo.app */ = {isa = PBXFileReference; explicitFileType = wrapper.application; includeInIndex = 0; path = LLInterestDemo.app; sourceTree = BUILT_PRODUCTS_DIR; };
		8CDD502B1DE306220065992E /* main.m */ = {isa = PBXFileReference; lastKnownFileType = sourcecode.c.objc; path = main.m; sourceTree = "<group>"; };
		8CDD502D1DE306220065992E /* AppDelegate.h */ = {isa = PBXFileReference; lastKnownFileType = sourcecode.c.h; path = AppDelegate.h; sourceTree = "<group>"; };
		8CDD502E1DE306220065992E /* AppDelegate.m */ = {isa = PBXFileReference; lastKnownFileType = sourcecode.c.objc; path = AppDelegate.m; sourceTree = "<group>"; };
		8CDD50301DE306220065992E /* ViewController.h */ = {isa = PBXFileReference; lastKnownFileType = sourcecode.c.h; path = ViewController.h; sourceTree = "<group>"; };
		8CDD50311DE306220065992E /* ViewController.m */ = {isa = PBXFileReference; lastKnownFileType = sourcecode.c.objc; path = ViewController.m; sourceTree = "<group>"; };
		8CDD50341DE306220065992E /* Base */ = {isa = PBXFileReference; lastKnownFileType = file.storyboard; name = Base; path = Base.lproj/Main.storyboard; sourceTree = "<group>"; };
		8CDD50361DE306220065992E /* Assets.xcassets */ = {isa = PBXFileReference; lastKnownFileType = folder.assetcatalog; path = Assets.xcassets; sourceTree = "<group>"; };
		8CDD50391DE306220065992E /* Base */ = {isa = PBXFileReference; lastKnownFileType = file.storyboard; name = Base; path = Base.lproj/LaunchScreen.storyboard; sourceTree = "<group>"; };
		8CDD503B1DE306220065992E /* Info.plist */ = {isa = PBXFileReference; lastKnownFileType = text.plist.xml; path = Info.plist; sourceTree = "<group>"; };
		8CDD50471DE3081B0065992E /* LLInterestTabBarController.h */ = {isa = PBXFileReference; fileEncoding = 4; lastKnownFileType = sourcecode.c.h; path = LLInterestTabBarController.h; sourceTree = "<group>"; };
		8CDD50481DE3081B0065992E /* LLInterestTabBarController.m */ = {isa = PBXFileReference; fileEncoding = 4; lastKnownFileType = sourcecode.c.objc; path = LLInterestTabBarController.m; sourceTree = "<group>"; };
		8CDD504A1DE309230065992E /* LLPayViewController.h */ = {isa = PBXFileReference; fileEncoding = 4; lastKnownFileType = sourcecode.c.h; path = LLPayViewController.h; sourceTree = "<group>"; };
		8CDD504B1DE309230065992E /* LLPayViewController.m */ = {isa = PBXFileReference; fileEncoding = 4; lastKnownFileType = sourcecode.c.objc; path = LLPayViewController.m; sourceTree = "<group>"; };
		8CDD504D1DE309370065992E /* LLShopViewController.h */ = {isa = PBXFileReference; fileEncoding = 4; lastKnownFileType = sourcecode.c.h; path = LLShopViewController.h; sourceTree = "<group>"; };
		8CDD504E1DE309370065992E /* LLShopViewController.m */ = {isa = PBXFileReference; fileEncoding = 4; lastKnownFileType = sourcecode.c.objc; path = LLShopViewController.m; sourceTree = "<group>"; };
		8CDD50501DE309410065992E /* LLMapViewController.h */ = {isa = PBXFileReference; fileEncoding = 4; lastKnownFileType = sourcecode.c.h; path = LLMapViewController.h; sourceTree = "<group>"; };
		8CDD50511DE309410065992E /* LLMapViewController.m */ = {isa = PBXFileReference; fileEncoding = 4; lastKnownFileType = sourcecode.c.objc; path = LLMapViewController.m; sourceTree = "<group>"; };
		8CDD50531DE309560065992E /* LLMineViewController.h */ = {isa = PBXFileReference; fileEncoding = 4; lastKnownFileType = sourcecode.c.h; path = LLMineViewController.h; sourceTree = "<group>"; };
		8CDD50541DE309560065992E /* LLMineViewController.m */ = {isa = PBXFileReference; fileEncoding = 4; lastKnownFileType = sourcecode.c.objc; path = LLMineViewController.m; sourceTree = "<group>"; };
		8CDD50591DE3117F0065992E /* MessageSource.json */ = {isa = PBXFileReference; fileEncoding = 4; lastKnownFileType = text.json; name = MessageSource.json; path = ../Main/MessageSource.json; sourceTree = "<group>"; };
		8CDD52621DE313620065992E /* MASCompositeConstraint.h */ = {isa = PBXFileReference; fileEncoding = 4; lastKnownFileType = sourcecode.c.h; path = MASCompositeConstraint.h; sourceTree = "<group>"; };
		8CDD52631DE313620065992E /* MASCompositeConstraint.m */ = {isa = PBXFileReference; fileEncoding = 4; lastKnownFileType = sourcecode.c.objc; path = MASCompositeConstraint.m; sourceTree = "<group>"; };
		8CDD52641DE313620065992E /* MASConstraint+Private.h */ = {isa = PBXFileReference; fileEncoding = 4; lastKnownFileType = sourcecode.c.h; path = "MASConstraint+Private.h"; sourceTree = "<group>"; };
		8CDD52651DE313620065992E /* MASConstraint.h */ = {isa = PBXFileReference; fileEncoding = 4; lastKnownFileType = sourcecode.c.h; path = MASConstraint.h; sourceTree = "<group>"; };
		8CDD52661DE313620065992E /* MASConstraint.m */ = {isa = PBXFileReference; fileEncoding = 4; lastKnownFileType = sourcecode.c.objc; path = MASConstraint.m; sourceTree = "<group>"; };
		8CDD52671DE313620065992E /* MASConstraintMaker.h */ = {isa = PBXFileReference; fileEncoding = 4; lastKnownFileType = sourcecode.c.h; path = MASConstraintMaker.h; sourceTree = "<group>"; };
		8CDD52681DE313620065992E /* MASConstraintMaker.m */ = {isa = PBXFileReference; fileEncoding = 4; lastKnownFileType = sourcecode.c.objc; path = MASConstraintMaker.m; sourceTree = "<group>"; };
		8CDD52691DE313620065992E /* MASLayoutConstraint.h */ = {isa = PBXFileReference; fileEncoding = 4; lastKnownFileType = sourcecode.c.h; path = MASLayoutConstraint.h; sourceTree = "<group>"; };
		8CDD526A1DE313620065992E /* MASLayoutConstraint.m */ = {isa = PBXFileReference; fileEncoding = 4; lastKnownFileType = sourcecode.c.objc; path = MASLayoutConstraint.m; sourceTree = "<group>"; };
		8CDD526B1DE313620065992E /* Masonry.h */ = {isa = PBXFileReference; fileEncoding = 4; lastKnownFileType = sourcecode.c.h; path = Masonry.h; sourceTree = "<group>"; };
		8CDD526C1DE313620065992E /* MASUtilities.h */ = {isa = PBXFileReference; fileEncoding = 4; lastKnownFileType = sourcecode.c.h; path = MASUtilities.h; sourceTree = "<group>"; };
		8CDD526D1DE313620065992E /* MASViewAttribute.h */ = {isa = PBXFileReference; fileEncoding = 4; lastKnownFileType = sourcecode.c.h; path = MASViewAttribute.h; sourceTree = "<group>"; };
		8CDD526E1DE313620065992E /* MASViewAttribute.m */ = {isa = PBXFileReference; fileEncoding = 4; lastKnownFileType = sourcecode.c.objc; path = MASViewAttribute.m; sourceTree = "<group>"; };
		8CDD526F1DE313620065992E /* MASViewConstraint.h */ = {isa = PBXFileReference; fileEncoding = 4; lastKnownFileType = sourcecode.c.h; path = MASViewConstraint.h; sourceTree = "<group>"; };
		8CDD52701DE313620065992E /* MASViewConstraint.m */ = {isa = PBXFileReference; fileEncoding = 4; lastKnownFileType = sourcecode.c.objc; path = MASViewConstraint.m; sourceTree = "<group>"; };
		8CDD52711DE313620065992E /* NSArray+MASAdditions.h */ = {isa = PBXFileReference; fileEncoding = 4; lastKnownFileType = sourcecode.c.h; path = "NSArray+MASAdditions.h"; sourceTree = "<group>"; };
		8CDD52721DE313620065992E /* NSArray+MASAdditions.m */ = {isa = PBXFileReference; fileEncoding = 4; lastKnownFileType = sourcecode.c.objc; path = "NSArray+MASAdditions.m"; sourceTree = "<group>"; };
		8CDD52731DE313620065992E /* NSArray+MASShorthandAdditions.h */ = {isa = PBXFileReference; fileEncoding = 4; lastKnownFileType = sourcecode.c.h; path = "NSArray+MASShorthandAdditions.h"; sourceTree = "<group>"; };
		8CDD52741DE313620065992E /* NSLayoutConstraint+MASDebugAdditions.h */ = {isa = PBXFileReference; fileEncoding = 4; lastKnownFileType = sourcecode.c.h; path = "NSLayoutConstraint+MASDebugAdditions.h"; sourceTree = "<group>"; };
		8CDD52751DE313620065992E /* NSLayoutConstraint+MASDebugAdditions.m */ = {isa = PBXFileReference; fileEncoding = 4; lastKnownFileType = sourcecode.c.objc; path = "NSLayoutConstraint+MASDebugAdditions.m"; sourceTree = "<group>"; };
		8CDD52761DE313620065992E /* View+MASAdditions.h */ = {isa = PBXFileReference; fileEncoding = 4; lastKnownFileType = sourcecode.c.h; path = "View+MASAdditions.h"; sourceTree = "<group>"; };
		8CDD52771DE313620065992E /* View+MASAdditions.m */ = {isa = PBXFileReference; fileEncoding = 4; lastKnownFileType = sourcecode.c.objc; path = "View+MASAdditions.m"; sourceTree = "<group>"; };
		8CDD52781DE313620065992E /* View+MASShorthandAdditions.h */ = {isa = PBXFileReference; fileEncoding = 4; lastKnownFileType = sourcecode.c.h; path = "View+MASShorthandAdditions.h"; sourceTree = "<group>"; };
		8CDD52791DE313620065992E /* ViewController+MASAdditions.h */ = {isa = PBXFileReference; fileEncoding = 4; lastKnownFileType = sourcecode.c.h; path = "ViewController+MASAdditions.h"; sourceTree = "<group>"; };
		8CDD527A1DE313620065992E /* ViewController+MASAdditions.m */ = {isa = PBXFileReference; fileEncoding = 4; lastKnownFileType = sourcecode.c.objc; path = "ViewController+MASAdditions.m"; sourceTree = "<group>"; };
/* End PBXFileReference section */

/* Begin PBXFrameworksBuildPhase section */
		8CDD50241DE306220065992E /* Frameworks */ = {
			isa = PBXFrameworksBuildPhase;
			buildActionMask = 2147483647;
			files = (
			);
			runOnlyForDeploymentPostprocessing = 0;
		};
/* End PBXFrameworksBuildPhase section */

/* Begin PBXGroup section */
		8CDD501E1DE306220065992E = {
			isa = PBXGroup;
			children = (
				8CDD50291DE306220065992E /* LLInterestDemo */,
				8CDD50281DE306220065992E /* Products */,
			);
			sourceTree = "<group>";
		};
		8CDD50281DE306220065992E /* Products */ = {
			isa = PBXGroup;
			children = (
				8CDD50271DE306220065992E /* LLInterestDemo.app */,
			);
			name = Products;
			sourceTree = "<group>";
		};
		8CDD50291DE306220065992E /* LLInterestDemo */ = {
			isa = PBXGroup;
			children = (
				8CDD50411DE306FA0065992E /* Classes */,
				8CDD502D1DE306220065992E /* AppDelegate.h */,
				8CDD502E1DE306220065992E /* AppDelegate.m */,
				8CDD50301DE306220065992E /* ViewController.h */,
				8CDD50311DE306220065992E /* ViewController.m */,
				8CDD50331DE306220065992E /* Main.storyboard */,
				8CDD50361DE306220065992E /* Assets.xcassets */,
				8CDD50381DE306220065992E /* LaunchScreen.storyboard */,
				8CDD503B1DE306220065992E /* Info.plist */,
				8CDD502A1DE306220065992E /* Supporting Files */,
			);
			path = LLInterestDemo;
			sourceTree = "<group>";
		};
		8CDD502A1DE306220065992E /* Supporting Files */ = {
			isa = PBXGroup;
			children = (
				8CDD502B1DE306220065992E /* main.m */,
			);
			name = "Supporting Files";
			sourceTree = "<group>";
		};
		8CDD50411DE306FA0065992E /* Classes */ = {
			isa = PBXGroup;
			children = (
				8CDD52611DE313620065992E /* Masonry */,
				8CDD50421DE306FA0065992E /* Main */,
				8CDD50451DE306FA0065992E /* Pay */,
				8CDD50461DE306FA0065992E /* Shop */,
				8CDD50431DE306FA0065992E /* Map */,
				8CDD50441DE306FA0065992E /* Mine */,
			);
			path = Classes;
			sourceTree = "<group>";
		};
		8CDD50421DE306FA0065992E /* Main */ = {
			isa = PBXGroup;
			children = (
				8CDD50471DE3081B0065992E /* LLInterestTabBarController.h */,
				8CDD50481DE3081B0065992E /* LLInterestTabBarController.m */,
			);
			path = Main;
			sourceTree = "<group>";
		};
		8CDD50431DE306FA0065992E /* Map */ = {
			isa = PBXGroup;
			children = (
				8CDD50501DE309410065992E /* LLMapViewController.h */,
				8CDD50511DE309410065992E /* LLMapViewController.m */,
			);
			path = Map;
			sourceTree = "<group>";
		};
		8CDD50441DE306FA0065992E /* Mine */ = {
			isa = PBXGroup;
			children = (
				8CDD50531DE309560065992E /* LLMineViewController.h */,
				8CDD50541DE309560065992E /* LLMineViewController.m */,
			);
			path = Mine;
			sourceTree = "<group>";
		};
		8CDD50451DE306FA0065992E /* Pay */ = {
			isa = PBXGroup;
			children = (
				8CDD504A1DE309230065992E /* LLPayViewController.h */,
				8CDD504B1DE309230065992E /* LLPayViewController.m */,
				8CDD50591DE3117F0065992E /* MessageSource.json */,
			);
			path = Pay;
			sourceTree = "<group>";
		};
		8CDD50461DE306FA0065992E /* Shop */ = {
			isa = PBXGroup;
			children = (
				8CDD504D1DE309370065992E /* LLShopViewController.h */,
				8CDD504E1DE309370065992E /* LLShopViewController.m */,
			);
			path = Shop;
			sourceTree = "<group>";
		};
		8CDD52611DE313620065992E /* Masonry */ = {
			isa = PBXGroup;
			children = (
				8CDD52621DE313620065992E /* MASCompositeConstraint.h */,
				8CDD52631DE313620065992E /* MASCompositeConstraint.m */,
				8CDD52641DE313620065992E /* MASConstraint+Private.h */,
				8CDD52651DE313620065992E /* MASConstraint.h */,
				8CDD52661DE313620065992E /* MASConstraint.m */,
				8CDD52671DE313620065992E /* MASConstraintMaker.h */,
				8CDD52681DE313620065992E /* MASConstraintMaker.m */,
				8CDD52691DE313620065992E /* MASLayoutConstraint.h */,
				8CDD526A1DE313620065992E /* MASLayoutConstraint.m */,
				8CDD526B1DE313620065992E /* Masonry.h */,
				8CDD526C1DE313620065992E /* MASUtilities.h */,
				8CDD526D1DE313620065992E /* MASViewAttribute.h */,
				8CDD526E1DE313620065992E /* MASViewAttribute.m */,
				8CDD526F1DE313620065992E /* MASViewConstraint.h */,
				8CDD52701DE313620065992E /* MASViewConstraint.m */,
				8CDD52711DE313620065992E /* NSArray+MASAdditions.h */,
				8CDD52721DE313620065992E /* NSArray+MASAdditions.m */,
				8CDD52731DE313620065992E /* NSArray+MASShorthandAdditions.h */,
				8CDD52741DE313620065992E /* NSLayoutConstraint+MASDebugAdditions.h */,
				8CDD52751DE313620065992E /* NSLayoutConstraint+MASDebugAdditions.m */,
				8CDD52761DE313620065992E /* View+MASAdditions.h */,
				8CDD52771DE313620065992E /* View+MASAdditions.m */,
				8CDD52781DE313620065992E /* View+MASShorthandAdditions.h */,
				8CDD52791DE313620065992E /* ViewController+MASAdditions.h */,
				8CDD527A1DE313620065992E /* ViewController+MASAdditions.m */,
			);
			path = Masonry;
			sourceTree = "<group>";
		};
/* End PBXGroup section */

/* Begin PBXNativeTarget section */
		8CDD50261DE306220065992E /* LLInterestDemo */ = {
			isa = PBXNativeTarget;
			buildConfigurationList = 8CDD503E1DE306220065992E /* Build configuration list for PBXNativeTarget "LLInterestDemo" */;
			buildPhases = (
				8CDD50231DE306220065992E /* Sources */,
				8CDD50241DE306220065992E /* Frameworks */,
				8CDD50251DE306220065992E /* Resources */,
			);
			buildRules = (
			);
			dependencies = (
			);
			name = LLInterestDemo;
			productName = LLInterestDemo;
			productReference = 8CDD50271DE306220065992E /* LLInterestDemo.app */;
			productType = "com.apple.product-type.application";
		};
/* End PBXNativeTarget section */

/* Begin PBXProject section */
		8CDD501F1DE306220065992E /* Project object */ = {
			isa = PBXProject;
			attributes = {
				LastUpgradeCheck = 0800;
				ORGANIZATIONNAME = liushaohua;
				TargetAttributes = {
					8CDD50261DE306220065992E = {
						CreatedOnToolsVersion = 8.0;
						ProvisioningStyle = Automatic;
					};
				};
			};
			buildConfigurationList = 8CDD50221DE306220065992E /* Build configuration list for PBXProject "LLInterestDemo" */;
			compatibilityVersion = "Xcode 3.2";
			developmentRegion = English;
			hasScannedForEncodings = 0;
			knownRegions = (
				en,
				Base,
			);
			mainGroup = 8CDD501E1DE306220065992E;
			productRefGroup = 8CDD50281DE306220065992E /* Products */;
			projectDirPath = "";
			projectRoot = "";
			targets = (
				8CDD50261DE306220065992E /* LLInterestDemo */,
			);
		};
/* End PBXProject section */

/* Begin PBXResourcesBuildPhase section */
		8CDD50251DE306220065992E /* Resources */ = {
			isa = PBXResourcesBuildPhase;
			buildActionMask = 2147483647;
			files = (
				8CDD505A1DE3117F0065992E /* MessageSource.json in Resources */,
				8CDD503A1DE306220065992E /* LaunchScreen.storyboard in Resources */,
				8CDD50371DE306220065992E /* Assets.xcassets in Resources */,
				8CDD50351DE306220065992E /* Main.storyboard in Resources */,
			);
			runOnlyForDeploymentPostprocessing = 0;
		};
/* End PBXResourcesBuildPhase section */

/* Begin PBXSourcesBuildPhase section */
		8CDD50231DE306220065992E /* Sources */ = {
			isa = PBXSourcesBuildPhase;
			buildActionMask = 2147483647;
			files = (
				8CDD52801DE313620065992E /* MASViewConstraint.m in Sources */,
				8CDD504C1DE309230065992E /* LLPayViewController.m in Sources */,
				8CDD527F1DE313620065992E /* MASViewAttribute.m in Sources */,
				8CDD50551DE309560065992E /* LLMineViewController.m in Sources */,
				8CDD50321DE306220065992E /* ViewController.m in Sources */,
				8CDD527B1DE313620065992E /* MASCompositeConstraint.m in Sources */,
				8CDD527D1DE313620065992E /* MASConstraintMaker.m in Sources */,
				8CDD52831DE313620065992E /* View+MASAdditions.m in Sources */,
				8CDD527E1DE313620065992E /* MASLayoutConstraint.m in Sources */,
				8CDD52841DE313620065992E /* ViewController+MASAdditions.m in Sources */,
				8CDD527C1DE313620065992E /* MASConstraint.m in Sources */,
				8CDD50521DE309410065992E /* LLMapViewController.m in Sources */,
				8CDD50491DE3081B0065992E /* LLInterestTabBarController.m in Sources */,
				8CDD52811DE313620065992E /* NSArray+MASAdditions.m in Sources */,
				8CDD52821DE313620065992E /* NSLayoutConstraint+MASDebugAdditions.m in Sources */,
				8CDD502F1DE306220065992E /* AppDelegate.m in Sources */,
				8CDD504F1DE309370065992E /* LLShopViewController.m in Sources */,
				8CDD502C1DE306220065992E /* main.m in Sources */,
			);
			runOnlyForDeploymentPostprocessing = 0;
		};
/* End PBXSourcesBuildPhase section */

/* Begin PBXVariantGroup section */
		8CDD50331DE306220065992E /* Main.storyboard */ = {
			isa = PBXVariantGroup;
			children = (
				8CDD50341DE306220065992E /* Base */,
			);
			name = Main.storyboard;
			sourceTree = "<group>";
		};
		8CDD50381DE306220065992E /* LaunchScreen.storyboard */ = {
			isa = PBXVariantGroup;
			children = (
				8CDD50391DE306220065992E /* Base */,
			);
			name = LaunchScreen.storyboard;
			sourceTree = "<group>";
		};
/* End PBXVariantGroup section */

/* Begin XCBuildConfiguration section */
		8CDD503C1DE306220065992E /* Debug */ = {
			isa = XCBuildConfiguration;
			buildSettings = {
				ALWAYS_SEARCH_USER_PATHS = NO;
				CLANG_ANALYZER_NONNULL = YES;
				CLANG_CXX_LANGUAGE_STANDARD = "gnu++0x";
				CLANG_CXX_LIBRARY = "libc++";
				CLANG_ENABLE_MODULES = YES;
				CLANG_ENABLE_OBJC_ARC = YES;
				CLANG_WARN_BOOL_CONVERSION = YES;
				CLANG_WARN_CONSTANT_CONVERSION = YES;
				CLANG_WARN_DIRECT_OBJC_ISA_USAGE = YES_ERROR;
				CLANG_WARN_DOCUMENTATION_COMMENTS = YES;
				CLANG_WARN_EMPTY_BODY = YES;
				CLANG_WARN_ENUM_CONVERSION = YES;
				CLANG_WARN_INFINITE_RECURSION = YES;
				CLANG_WARN_INT_CONVERSION = YES;
				CLANG_WARN_OBJC_ROOT_CLASS = YES_ERROR;
				CLANG_WARN_SUSPICIOUS_MOVES = YES;
				CLANG_WARN_UNREACHABLE_CODE = YES;
				CLANG_WARN__DUPLICATE_METHOD_MATCH = YES;
				"CODE_SIGN_IDENTITY[sdk=iphoneos*]" = "iPhone Developer";
				COPY_PHASE_STRIP = NO;
				DEBUG_INFORMATION_FORMAT = dwarf;
				ENABLE_STRICT_OBJC_MSGSEND = YES;
				ENABLE_TESTABILITY = YES;
				GCC_C_LANGUAGE_STANDARD = gnu99;
				GCC_DYNAMIC_NO_PIC = NO;
				GCC_NO_COMMON_BLOCKS = YES;
				GCC_OPTIMIZATION_LEVEL = 0;
				GCC_PREPROCESSOR_DEFINITIONS = (
					"DEBUG=1",
					"$(inherited)",
				);
				GCC_WARN_64_TO_32_BIT_CONVERSION = YES;
				GCC_WARN_ABOUT_RETURN_TYPE = YES_ERROR;
				GCC_WARN_UNDECLARED_SELECTOR = YES;
				GCC_WARN_UNINITIALIZED_AUTOS = YES_AGGRESSIVE;
				GCC_WARN_UNUSED_FUNCTION = YES;
				GCC_WARN_UNUSED_VARIABLE = YES;
				IPHONEOS_DEPLOYMENT_TARGET = 10.0;
				MTL_ENABLE_DEBUG_INFO = YES;
				ONLY_ACTIVE_ARCH = YES;
				SDKROOT = iphoneos;
			};
			name = Debug;
		};
		8CDD503D1DE306220065992E /* Release */ = {
			isa = XCBuildConfiguration;
			buildSettings = {
				ALWAYS_SEARCH_USER_PATHS = NO;
				CLANG_ANALYZER_NONNULL = YES;
				CLANG_CXX_LANGUAGE_STANDARD = "gnu++0x";
				CLANG_CXX_LIBRARY = "libc++";
				CLANG_ENABLE_MODULES = YES;
				CLANG_ENABLE_OBJC_ARC = YES;
				CLANG_WARN_BOOL_CONVERSION = YES;
				CLANG_WARN_CONSTANT_CONVERSION = YES;
				CLANG_WARN_DIRECT_OBJC_ISA_USAGE = YES_ERROR;
				CLANG_WARN_DOCUMENTATION_COMMENTS = YES;
				CLANG_WARN_EMPTY_BODY = YES;
				CLANG_WARN_ENUM_CONVERSION = YES;
				CLANG_WARN_INFINITE_RECURSION = YES;
				CLANG_WARN_INT_CONVERSION = YES;
				CLANG_WARN_OBJC_ROOT_CLASS = YES_ERROR;
				CLANG_WARN_SUSPICIOUS_MOVES = YES;
				CLANG_WARN_UNREACHABLE_CODE = YES;
				CLANG_WARN__DUPLICATE_METHOD_MATCH = YES;
				"CODE_SIGN_IDENTITY[sdk=iphoneos*]" = "iPhone Developer";
				COPY_PHASE_STRIP = NO;
				DEBUG_INFORMATION_FORMAT = "dwarf-with-dsym";
				ENABLE_NS_ASSERTIONS = NO;
				ENABLE_STRICT_OBJC_MSGSEND = YES;
				GCC_C_LANGUAGE_STANDARD = gnu99;
				GCC_NO_COMMON_BLOCKS = YES;
				GCC_WARN_64_TO_32_BIT_CONVERSION = YES;
				GCC_WARN_ABOUT_RETURN_TYPE = YES_ERROR;
				GCC_WARN_UNDECLARED_SELECTOR = YES;
				GCC_WARN_UNINITIALIZED_AUTOS = YES_AGGRESSIVE;
				GCC_WARN_UNUSED_FUNCTION = YES;
				GCC_WARN_UNUSED_VARIABLE = YES;
				IPHONEOS_DEPLOYMENT_TARGET = 10.0;
				MTL_ENABLE_DEBUG_INFO = NO;
				SDKROOT = iphoneos;
				VALIDATE_PRODUCT = YES;
			};
			name = Release;
		};
		8CDD503F1DE306220065992E /* Debug */ = {
			isa = XCBuildConfiguration;
			buildSettings = {
				ASSETCATALOG_COMPILER_APPICON_NAME = AppIcon;
				INFOPLIST_FILE = LLInterestDemo/Info.plist;
				LD_RUNPATH_SEARCH_PATHS = "$(inherited) @executable_path/Frameworks";
				PRODUCT_BUNDLE_IDENTIFIER = com.LL.LLInterestDemo;
				PRODUCT_NAME = "$(TARGET_NAME)";
			};
			name = Debug;
		};
		8CDD50401DE306220065992E /* Release */ = {
			isa = XCBuildConfiguration;
			buildSettings = {
				ASSETCATALOG_COMPILER_APPICON_NAME = AppIcon;
				INFOPLIST_FILE = LLInterestDemo/Info.plist;
				LD_RUNPATH_SEARCH_PATHS = "$(inherited) @executable_path/Frameworks";
				PRODUCT_BUNDLE_IDENTIFIER = com.LL.LLInterestDemo;
				PRODUCT_NAME = "$(TARGET_NAME)";
			};
			name = Release;
		};
/* End XCBuildConfiguration section */

/* Begin XCConfigurationList section */
		8CDD50221DE306220065992E /* Build configuration list for PBXProject "LLInterestDemo" */ = {
			isa = XCConfigurationList;
			buildConfigurations = (
				8CDD503C1DE306220065992E /* Debug */,
				8CDD503D1DE306220065992E /* Release */,
			);
			defaultConfigurationIsVisible = 0;
			defaultConfigurationName = Release;
		};
		8CDD503E1DE306220065992E /* Build configuration list for PBXNativeTarget "LLInterestDemo" */ = {
			isa = XCConfigurationList;
			buildConfigurations = (
				8CDD503F1DE306220065992E /* Debug */,
				8CDD50401DE306220065992E /* Release */,
			);
			defaultConfigurationIsVisible = 0;
		};
/* End XCConfigurationList section */
	};
	rootObject = 8CDD501F1DE306220065992E /* Project object */;
}
